
Microsoft Visual Studio Solution File, Format Version 12.00
# Visual Studio Version 16
VisualStudioVersion = 16.0.30907.101
MinimumVisualStudioVersion = 10.0.40219.1
Project("{FAE04EC0-301F-11D3-BF4B-00C04F79EFBC}") = "Tetris", "Tetris\Tetris.csproj", "{F9BA91F6-C608-49F6-B090-AAA9BE5D5BEE}"
EndProject
Global
	GlobalSection(SolutionConfigurationPlatforms) = preSolution
		Debug|Any CPU = Debug|Any CPU
		Release|Any CPU = Release|Any CPU
	EndGlobalSection
	GlobalSection(ProjectConfigurationPlatforms) = postSolution
		{F9BA91F6-C608-49F6-B090-AAA9BE5D5BEE}.Debug|Any CPU.ActiveCfg = Debug|Any CPU
		{F9BA91F6-C608-49F6-B090-AAA9BE5D5BEE}.Debug|Any CPU.Build.0 = Debug|Any CPU
		{F9BA91F6-C608-49F6-B090-AAA9BE5D5BEE}.Release|Any CPU.ActiveCfg = Release|Any CPU
		{F9BA91F6-C608-49F6-B090-AAA9BE5D5BEE}.Release|Any CPU.Build.0 = Release|Any CPU
	EndGlobalSection
	GlobalSection(SolutionProperties) = preSolution
		HideSolutionNode = FALSE
	EndGlobalSection
	GlobalSection(ExtensibilityGlobals) = postSolution
		SolutionGuid = {CF33270C-8196-4EA7-873C-E693751C33B9}
	EndGlobalSection
EndGlobal
